
Microsoft Visual Studio Solution File, Format Version 12.00
# Visual Studio Version 17
VisualStudioVersion = 17.7.34202.233
MinimumVisualStudioVersion = 10.0.40219.1
Project("{9A19103F-16F7-4668-BE54-9A1E7A4F7556}") = "webapicourse", "hello_web_api\webapicourse.csproj", "{BFE31D9D-14BE-431B-8195-4F32BABF8F4D}"
EndProject
Project("{FAE04EC0-301F-11D3-BF4B-00C04F79EFBC}") = "ProductApp", "ProductApp\ProductApp.csproj", "{7DCE6658-CFC6-4045-B1F5-B753C945FCC1}"
EndProject
Global
	GlobalSection(SolutionConfigurationPlatforms) = preSolution
		Debug|Any CPU = Debug|Any CPU
		Release|Any CPU = Release|Any CPU
	EndGlobalSection
	GlobalSection(ProjectConfigurationPlatforms) = postSolution
		{BFE31D9D-14BE-431B-8195-4F32BABF8F4D}.Debug|Any CPU.ActiveCfg = Debug|Any CPU
		{BFE31D9D-14BE-431B-8195-4F32BABF8F4D}.Debug|Any CPU.Build.0 = Debug|Any CPU
		{BFE31D9D-14BE-431B-8195-4F32BABF8F4D}.Release|Any CPU.ActiveCfg = Release|Any CPU
		{BFE31D9D-14BE-431B-8195-4F32BABF8F4D}.Release|Any CPU.Build.0 = Release|Any CPU
		{7DCE6658-CFC6-4045-B1F5-B753C945FCC1}.Debug|Any CPU.ActiveCfg = Debug|Any CPU
		{7DCE6658-CFC6-4045-B1F5-B753C945FCC1}.Debug|Any CPU.Build.0 = Debug|Any CPU
		{7DCE6658-CFC6-4045-B1F5-B753C945FCC1}.Release|Any CPU.ActiveCfg = Release|Any CPU
		{7DCE6658-CFC6-4045-B1F5-B753C945FCC1}.Release|Any CPU.Build.0 = Release|Any CPU
	EndGlobalSection
	GlobalSection(SolutionProperties) = preSolution
		HideSolutionNode = FALSE
	EndGlobalSection
	GlobalSection(ExtensibilityGlobals) = postSolution
		SolutionGuid = {70DE59A4-EB91-46E9-A76D-0B781BC7CD04}
	EndGlobalSection
EndGlobal
